
Microsoft Visual Studio Solution File, Format Version 12.00
# Visual Studio Version 16
VisualStudioVersion = 16.0.30611.23
MinimumVisualStudioVersion = 10.0.40219.1
Project("{FAE04EC0-301F-11D3-BF4B-00C04F79EFBC}") = "Net-GPPPassword", "Net-GPPPassword\Net-GPPPassword.csproj", "{00FCF72C-D148-4DD0-9CA4-0181C4BD55C3}"
EndProject
Global
	GlobalSection(SolutionConfigurationPlatforms) = preSolution
		Debug|Any CPU = Debug|Any CPU
		Release|Any CPU = Release|Any CPU
	EndGlobalSection
	GlobalSection(ProjectConfigurationPlatforms) = postSolution
		{00FCF72C-D148-4DD0-9CA4-0181C4BD55C3}.Debug|Any CPU.ActiveCfg = Debug|Any CPU
		{00FCF72C-D148-4DD0-9CA4-0181C4BD55C3}.Debug|Any CPU.Build.0 = Debug|Any CPU
		{00FCF72C-D148-4DD0-9CA4-0181C4BD55C3}.Release|Any CPU.ActiveCfg = Release|Any CPU
		{00FCF72C-D148-4DD0-9CA4-0181C4BD55C3}.Release|Any CPU.Build.0 = Release|Any CPU
	EndGlobalSection
	GlobalSection(SolutionProperties) = preSolution
		HideSolutionNode = FALSE
	EndGlobalSection
	GlobalSection(ExtensibilityGlobals) = postSolution
		SolutionGuid = {460ADCCE-FC3E-4D02-A824-A1FBAED22F26}
	EndGlobalSection
EndGlobal
